
Microsoft Visual Studio Solution File, Format Version 12.00
# Visual Studio 15
VisualStudioVersion = 15.0.28307.421
MinimumVisualStudioVersion = 10.0.40219.1
Project("{FAE04EC0-301F-11D3-BF4B-00C04F79EFBC}") = "Gympass", "Gympass\Gympass.csproj", "{376D6C3F-E799-44E5-8ECD-B97A579A1916}"
EndProject
Global
	GlobalSection(SolutionConfigurationPlatforms) = preSolution
		Debug|Any CPU = Debug|Any CPU
		Release|Any CPU = Release|Any CPU
	EndGlobalSection
	GlobalSection(ProjectConfigurationPlatforms) = postSolution
		{376D6C3F-E799-44E5-8ECD-B97A579A1916}.Debug|Any CPU.ActiveCfg = Debug|Any CPU
		{376D6C3F-E799-44E5-8ECD-B97A579A1916}.Debug|Any CPU.Build.0 = Debug|Any CPU
		{376D6C3F-E799-44E5-8ECD-B97A579A1916}.Release|Any CPU.ActiveCfg = Release|Any CPU
		{376D6C3F-E799-44E5-8ECD-B97A579A1916}.Release|Any CPU.Build.0 = Release|Any CPU
	EndGlobalSection
	GlobalSection(SolutionProperties) = preSolution
		HideSolutionNode = FALSE
	EndGlobalSection
	GlobalSection(ExtensibilityGlobals) = postSolution
		SolutionGuid = {C660CF85-9550-4846-A4C4-40D8AEBFF41D}
	EndGlobalSection
EndGlobal
